
Microsoft Visual Studio Solution File, Format Version 12.00
# Visual Studio 2012
Project("{FAE04EC0-301F-11D3-BF4B-00C04F79EFBC}") = "Client_WebApplication", "Client_WebApplication\Client_WebApplication.csproj", "{9B3AC410-E781-464D-A24F-3B85DF4E75DF}"
EndProject
Global
	GlobalSection(SolutionConfigurationPlatforms) = preSolution
		Debug|Any CPU = Debug|Any CPU
		Release|Any CPU = Release|Any CPU
	EndGlobalSection
	GlobalSection(ProjectConfigurationPlatforms) = postSolution
		{9B3AC410-E781-464D-A24F-3B85DF4E75DF}.Debug|Any CPU.ActiveCfg = Debug|Any CPU
		{9B3AC410-E781-464D-A24F-3B85DF4E75DF}.Debug|Any CPU.Build.0 = Debug|Any CPU
		{9B3AC410-E781-464D-A24F-3B85DF4E75DF}.Release|Any CPU.ActiveCfg = Release|Any CPU
		{9B3AC410-E781-464D-A24F-3B85DF4E75DF}.Release|Any CPU.Build.0 = Release|Any CPU
	EndGlobalSection
	GlobalSection(SolutionProperties) = preSolution
		HideSolutionNode = FALSE
	EndGlobalSection
EndGlobal
